// !$*UTF8*$!
{
	archiveVersion = 1;
	classes = {
	};
	objectVersion = 46;
	objects = {

/* Begin PBXBuildFile section */
		105F63761C0BDE5A0017D8C2 /* AppDelegate.swift in Sources */ = {isa = PBXBuildFile; fileRef = 105F63751C0BDE5A0017D8C2 /* AppDelegate.swift */; };
		105F63781C0BDE5A0017D8C2 /* ViewController.swift in Sources */ = {isa = PBXBuildFile; fileRef = 105F63771C0BDE5A0017D8C2 /* ViewController.swift */; };
		105F637B1C0BDE5A0017D8C2 /* Main.storyboard in Resources */ = {isa = PBXBuildFile; fileRef = 105F63791C0BDE5A0017D8C2 /* Main.storyboard */; };
		105F637D1C0BDE5A0017D8C2 /* Assets.xcassets in Resources */ = {isa = PBXBuildFile; fileRef = 105F637C1C0BDE5A0017D8C2 /* Assets.xcassets */; };
		105F63801C0BDE5A0017D8C2 /* LaunchScreen.storyboard in Resources */ = {isa = PBXBuildFile; fileRef = 105F637E1C0BDE5A0017D8C2 /* LaunchScreen.storyboard */; };
		105F63881C0C0CF40017D8C2 /* Casino_War.jpg in Resources */ = {isa = PBXBuildFile; fileRef = 105F63871C0C0CF40017D8C2 /* Casino_War.jpg */; };
/* End PBXBuildFile section */

/* Begin PBXFileReference section */
		105F63721C0BDE5A0017D8C2 /* War.app */ = {isa = PBXFileReference; explicitFileType = wrapper.application; includeInIndex = 0; path = War.app; sourceTree = BUILT_PRODUCTS_DIR; };
		105F63751C0BDE5A0017D8C2 /* AppDelegate.swift */ = {isa = PBXFileReference; lastKnownFileType = sourcecode.swift; path = AppDelegate.swift; sourceTree = "<group>"; };
		105F63771C0BDE5A0017D8C2 /* ViewController.swift */ = {isa = PBXFileReference; lastKnownFileType = sourcecode.swift; path = ViewController.swift; sourceTree = "<group>"; };
		105F637A1C0BDE5A0017D8C2 /* Base */ = {isa = PBXFileReference; lastKnownFileType = file.storyboard; name = Base; path = Base.lproj/Main.storyboard; sourceTree = "<group>"; };
		105F637C1C0BDE5A0017D8C2 /* Assets.xcassets */ = {isa = PBXFileReference; lastKnownFileType = folder.assetcatalog; path = Assets.xcassets; sourceTree = "<group>"; };
		105F637F1C0BDE5A0017D8C2 /* Base */ = {isa = PBXFileReference; lastKnownFileType = file.storyboard; name = Base; path = Base.lproj/LaunchScreen.storyboard; sourceTree = "<group>"; };
		105F63811C0BDE5A0017D8C2 /* Info.plist */ = {isa = PBXFileReference; lastKnownFileType = text.plist.xml; path = Info.plist; sourceTree = "<group>"; };
		105F63871C0C0CF40017D8C2 /* Casino_War.jpg */ = {isa = PBXFileReference; lastKnownFileType = image.jpeg; name = Casino_War.jpg; path = ../../Casino_War.jpg; sourceTree = "<group>"; };
/* End PBXFileReference section */

/* Begin PBXFrameworksBuildPhase section */
		105F636F1C0BDE5A0017D8C2 /* Frameworks */ = {
			isa = PBXFrameworksBuildPhase;
			buildActionMask = 2147483647;
			files = (
			);
			runOnlyForDeploymentPostprocessing = 0;
		};
/* End PBXFrameworksBuildPhase section */

/* Begin PBXGroup section */
		105F63691C0BDE5A0017D8C2 = {
			isa = PBXGroup;
			children = (
				105F63741C0BDE5A0017D8C2 /* War */,
				105F63731C0BDE5A0017D8C2 /* Products */,
			);
			sourceTree = "<group>";
		};
		105F63731C0BDE5A0017D8C2 /* Products */ = {
			isa = PBXGroup;
			children = (
				105F63721C0BDE5A0017D8C2 /* War.app */,
			);
			name = Products;
			sourceTree = "<group>";
		};
		105F63741C0BDE5A0017D8C2 /* War */ = {
			isa = PBXGroup;
			children = (
				105F63871C0C0CF40017D8C2 /* Casino_War.jpg */,
				105F63751C0BDE5A0017D8C2 /* AppDelegate.swift */,
				105F63771C0BDE5A0017D8C2 /* ViewController.swift */,
				105F63791C0BDE5A0017D8C2 /* Main.storyboard */,
				105F637C1C0BDE5A0017D8C2 /* Assets.xcassets */,
				105F637E1C0BDE5A0017D8C2 /* LaunchScreen.storyboard */,
				105F63811C0BDE5A0017D8C2 /* Info.plist */,
			);
			path = War;
			sourceTree = "<group>";
		};
/* End PBXGroup section */

/* Begin PBXNativeTarget section */
		105F63711C0BDE5A0017D8C2 /* War */ = {
			isa = PBXNativeTarget;
			buildConfigurationList = 105F63841C0BDE5A0017D8C2 /* Build configuration list for PBXNativeTarget "War" */;
			buildPhases = (
				105F636E1C0BDE5A0017D8C2 /* Sources */,
				105F636F1C0BDE5A0017D8C2 /* Frameworks */,
				105F63701C0BDE5A0017D8C2 /* Resources */,
			);
			buildRules = (
			);
			dependencies = (
			);
			name = War;
			productName = War;
			productReference = 105F63721C0BDE5A0017D8C2 /* War.app */;
			productType = "com.apple.product-type.application";
		};
/* End PBXNativeTarget section */

/* Begin PBXProject section */
		105F636A1C0BDE5A0017D8C2 /* Project object */ = {
			isa = PBXProject;
			attributes = {
				LastSwiftUpdateCheck = 0710;
				LastUpgradeCheck = 0710;
				ORGANIZATIONNAME = "Srinath Srinivasan";
				TargetAttributes = {
					105F63711C0BDE5A0017D8C2 = {
						CreatedOnToolsVersion = 7.1.1;
						DevelopmentTeam = 9JCN96CNLQ;
					};
				};
			};
			buildConfigurationList = 105F636D1C0BDE5A0017D8C2 /* Build configuration list for PBXProject "War" */;
			compatibilityVersion = "Xcode 3.2";
			developmentRegion = English;
			hasScannedForEncodings = 0;
			knownRegions = (
				en,
				Base,
			);
			mainGroup = 105F63691C0BDE5A0017D8C2;
			productRefGroup = 105F63731C0BDE5A0017D8C2 /* Products */;
			projectDirPath = "";
			projectRoot = "";
			targets = (
				105F63711C0BDE5A0017D8C2 /* War */,
			);
		};
/* End PBXProject section */

/* Begin PBXResourcesBuildPhase section */
		105F63701C0BDE5A0017D8C2 /* Resources */ = {
			isa = PBXResourcesBuildPhase;
			buildActionMask = 2147483647;
			files = (
				105F63801C0BDE5A0017D8C2 /* LaunchScreen.storyboard in Resources */,
				105F637D1C0BDE5A0017D8C2 /* Assets.xcassets in Resources */,
				105F637B1C0BDE5A0017D8C2 /* Main.storyboard in Resources */,
				105F63881C0C0CF40017D8C2 /* Casino_War.jpg in Resources */,
			);
			runOnlyForDeploymentPostprocessing = 0;
		};
/* End PBXResourcesBuildPhase section */

/* Begin PBXSourcesBuildPhase section */
		105F636E1C0BDE5A0017D8C2 /* Sources */ = {
			isa = PBXSourcesBuildPhase;
			buildActionMask = 2147483647;
			files = (
				105F63781C0BDE5A0017D8C2 /* ViewController.swift in Sources */,
				105F63761C0BDE5A0017D8C2 /* AppDelegate.swift in Sources */,
			);
			runOnlyForDeploymentPostprocessing = 0;
		};
/* End PBXSourcesBuildPhase section */

/* Begin PBXVariantGroup section */
		105F63791C0BDE5A0017D8C2 /* Main.storyboard */ = {
			isa = PBXVariantGroup;
			children = (
				105F637A1C0BDE5A0017D8C2 /* Base */,
			);
			name = Main.storyboard;
			sourceTree = "<group>";
		};
		105F637E1C0BDE5A0017D8C2 /* LaunchScreen.storyboard */ = {
			isa = PBXVariantGroup;
			children = (
				105F637F1C0BDE5A0017D8C2 /* Base */,
			);
			name = LaunchScreen.storyboard;
			sourceTree = "<group>";
		};
/* End PBXVariantGroup section */

/* Begin XCBuildConfiguration section */
		105F63821C0BDE5A0017D8C2 /* Debug */ = {
			isa = XCBuildConfiguration;
			buildSettings = {
				ALWAYS_SEARCH_USER_PATHS = NO;
				CLANG_CXX_LANGUAGE_STANDARD = "gnu++0x";
				CLANG_CXX_LIBRARY = "libc++";
				CLANG_ENABLE_MODULES = YES;
				CLANG_ENABLE_OBJC_ARC = YES;
				CLANG_WARN_BOOL_CONVERSION = YES;
				CLANG_WARN_CONSTANT_CONVERSION = YES;
				CLANG_WARN_DIRECT_OBJC_ISA_USAGE = YES_ERROR;
				CLANG_WARN_EMPTY_BODY = YES;
				CLANG_WARN_ENUM_CONVERSION = YES;
				CLANG_WARN_INT_CONVERSION = YES;
				CLANG_WARN_OBJC_ROOT_CLASS = YES_ERROR;
				CLANG_WARN_UNREACHABLE_CODE = YES;
				CLANG_WARN__DUPLICATE_METHOD_MATCH = YES;
				"CODE_SIGN_IDENTITY[sdk=iphoneos*]" = "iPhone Developer";
				COPY_PHASE_STRIP = NO;
				DEBUG_INFORMATION_FORMAT = dwarf;
				ENABLE_STRICT_OBJC_MSGSEND = YES;
				ENABLE_TESTABILITY = YES;
				GCC_C_LANGUAGE_STANDARD = gnu99;
				GCC_DYNAMIC_NO_PIC = NO;
				GCC_NO_COMMON_BLOCKS = YES;
				GCC_OPTIMIZATION_LEVEL = 0;
				GCC_PREPROCESSOR_DEFINITIONS = (
					"DEBUG=1",
					"$(inherited)",
				);
				GCC_WARN_64_TO_32_BIT_CONVERSION = YES;
				GCC_WARN_ABOUT_RETURN_TYPE = YES_ERROR;
				GCC_WARN_UNDECLARED_SELECTOR = YES;
				GCC_WARN_UNINITIALIZED_AUTOS = YES_AGGRESSIVE;
				GCC_WARN_UNUSED_FUNCTION = YES;
				GCC_WARN_UNUSED_VARIABLE = YES;
				IPHONEOS_DEPLOYMENT_TARGET = 9.1;
				MTL_ENABLE_DEBUG_INFO = YES;
				ONLY_ACTIVE_ARCH = YES;
				SDKROOT = iphoneos;
				SWIFT_OPTIMIZATION_LEVEL = "-Onone";
			};
			name = Debug;
		};
		105F63831C0BDE5A0017D8C2 /* Release */ = {
			isa = XCBuildConfiguration;
			buildSettings = {
				ALWAYS_SEARCH_USER_PATHS = NO;
				CLANG_CXX_LANGUAGE_STANDARD = "gnu++0x";
				CLANG_CXX_LIBRARY = "libc++";
				CLANG_ENABLE_MODULES = YES;
				CLANG_ENABLE_OBJC_ARC = YES;
				CLANG_WARN_BOOL_CONVERSION = YES;
				CLANG_WARN_CONSTANT_CONVERSION = YES;
				CLANG_WARN_DIRECT_OBJC_ISA_USAGE = YES_ERROR;
				CLANG_WARN_EMPTY_BODY = YES;
				CLANG_WARN_ENUM_CONVERSION = YES;
				CLANG_WARN_INT_CONVERSION = YES;
				CLANG_WARN_OBJC_ROOT_CLASS = YES_ERROR;
				CLANG_WARN_UNREACHABLE_CODE = YES;
				CLANG_WARN__DUPLICATE_METHOD_MATCH = YES;
				"CODE_SIGN_IDENTITY[sdk=iphoneos*]" = "iPhone Developer";
				COPY_PHASE_STRIP = NO;
				DEBUG_INFORMATION_FORMAT = "dwarf-with-dsym";
				ENABLE_NS_ASSERTIONS = NO;
				ENABLE_STRICT_OBJC_MSGSEND = YES;
				GCC_C_LANGUAGE_STANDARD = gnu99;
				GCC_NO_COMMON_BLOCKS = YES;
				GCC_WARN_64_TO_32_BIT_CONVERSION = YES;
				GCC_WARN_ABOUT_RETURN_TYPE = YES_ERROR;
				GCC_WARN_UNDECLARED_SELECTOR = YES;
				GCC_WARN_UNINITIALIZED_AUTOS = YES_AGGRESSIVE;
				GCC_WARN_UNUSED_FUNCTION = YES;
				GCC_WARN_UNUSED_VARIABLE = YES;
				IPHONEOS_DEPLOYMENT_TARGET = 9.1;
				MTL_ENABLE_DEBUG_INFO = NO;
				SDKROOT = iphoneos;
				VALIDATE_PRODUCT = YES;
			};
			name = Release;
		};
		105F63851C0BDE5A0017D8C2 /* Debug */ = {
			isa = XCBuildConfiguration;
			buildSettings = {
				ASSETCATALOG_COMPILER_APPICON_NAME = AppIcon;
				INFOPLIST_FILE = War/Info.plist;
				LD_RUNPATH_SEARCH_PATHS = "$(inherited) @executable_path/Frameworks";
				PRODUCT_BUNDLE_IDENTIFIER = com.srinathsrinivasan.War;
				PRODUCT_NAME = "$(TARGET_NAME)";
			};
			name = Debug;
		};
		105F63861C0BDE5A0017D8C2 /* Release */ = {
			isa = XCBuildConfiguration;
			buildSettings = {
				ASSETCATALOG_COMPILER_APPICON_NAME = AppIcon;
				INFOPLIST_FILE = War/Info.plist;
				LD_RUNPATH_SEARCH_PATHS = "$(inherited) @executable_path/Frameworks";
				PRODUCT_BUNDLE_IDENTIFIER = com.srinathsrinivasan.War;
				PRODUCT_NAME = "$(TARGET_NAME)";
			};
			name = Release;
		};
/* End XCBuildConfiguration section */

/* Begin XCConfigurationList section */
		105F636D1C0BDE5A0017D8C2 /* Build configuration list for PBXProject "War" */ = {
			isa = XCConfigurationList;
			buildConfigurations = (
				105F63821C0BDE5A0017D8C2 /* Debug */,
				105F63831C0BDE5A0017D8C2 /* Release */,
			);
			defaultConfigurationIsVisible = 0;
			defaultConfigurationName = Release;
		};
		105F63841C0BDE5A0017D8C2 /* Build configuration list for PBXNativeTarget "War" */ = {
			isa = XCConfigurationList;
			buildConfigurations = (
				105F63851C0BDE5A0017D8C2 /* Debug */,
				105F63861C0BDE5A0017D8C2 /* Release */,
			);
			defaultConfigurationIsVisible = 0;
			defaultConfigurationName = Release;
		};
/* End XCConfigurationList section */
	};
	rootObject = 105F636A1C0BDE5A0017D8C2 /* Project object */;
}
